// !$*UTF8*$!
{
	archiveVersion = 1;
	classes = {
	};
	objectVersion = 56;
	objects = {

/* Begin PBXBuildFile section */
		F30A92D82A956D6500C68A9B /* teste2View.swift in Sources */ = {isa = PBXBuildFile; fileRef = F30A92D72A956D6500C68A9B /* teste2View.swift */; };
		F30A92DC2A956E1800C68A9B /* teste3View.swift in Sources */ = {isa = PBXBuildFile; fileRef = F30A92DB2A956E1800C68A9B /* teste3View.swift */; };
		F30A92DE2A95871F00C68A9B /* lojaData.swift in Sources */ = {isa = PBXBuildFile; fileRef = F30A92DD2A95871F00C68A9B /* lojaData.swift */; };
		F31B20012A941FE700FD671E /* lojaView.swift in Sources */ = {isa = PBXBuildFile; fileRef = F31B20002A941FE700FD671E /* lojaView.swift */; };
		F31B20032A94203800FD671E /* lojaListaView.swift in Sources */ = {isa = PBXBuildFile; fileRef = F31B20022A94203800FD671E /* lojaListaView.swift */; };
		F31B20052A94209C00FD671E /* produtoComponnent.swift in Sources */ = {isa = PBXBuildFile; fileRef = F31B20042A94209C00FD671E /* produtoComponnent.swift */; };
		F31B20092A94232300FD671E /* layoutHome.swift in Sources */ = {isa = PBXBuildFile; fileRef = F31B20082A94232300FD671E /* layoutHome.swift */; };
		F31B200B2A943F6300FD671E /* testView.swift in Sources */ = {isa = PBXBuildFile; fileRef = F31B200A2A943F6300FD671E /* testView.swift */; };
		F37B372B2A982DCC0010A59F /* pedidoDetailView.swift in Sources */ = {isa = PBXBuildFile; fileRef = F37B372A2A982DCC0010A59F /* pedidoDetailView.swift */; };
		F37B372D2A9834980010A59F /* Resenhas.swift in Sources */ = {isa = PBXBuildFile; fileRef = F37B372C2A9834980010A59F /* Resenhas.swift */; };
		F37B4C612A96CE4500C4387F /* pedidoComponent.swift in Sources */ = {isa = PBXBuildFile; fileRef = F37B4C602A96CE4500C4387F /* pedidoComponent.swift */; };
		F37B4C632A96D42B00C4387F /* pedidosListaView.swift in Sources */ = {isa = PBXBuildFile; fileRef = F37B4C622A96D42B00C4387F /* pedidosListaView.swift */; };
		F37B4C652A96E44A00C4387F /* RequestView.swift in Sources */ = {isa = PBXBuildFile; fileRef = F37B4C642A96E44A00C4387F /* RequestView.swift */; };
		F3AFFD632A903CBB005D319A /* Help_ConstructionApp.swift in Sources */ = {isa = PBXBuildFile; fileRef = F3AFFD622A903CBB005D319A /* Help_ConstructionApp.swift */; };
		F3AFFD652A903CBB005D319A /* ContentView.swift in Sources */ = {isa = PBXBuildFile; fileRef = F3AFFD642A903CBB005D319A /* ContentView.swift */; };
		F3AFFD672A903CBC005D319A /* Assets.xcassets in Resources */ = {isa = PBXBuildFile; fileRef = F3AFFD662A903CBC005D319A /* Assets.xcassets */; };
		F3AFFD6A2A903CBC005D319A /* Preview Assets.xcassets in Resources */ = {isa = PBXBuildFile; fileRef = F3AFFD692A903CBC005D319A /* Preview Assets.xcassets */; };
		F3AFFD712A903D86005D319A /* lojaComponent.swift in Sources */ = {isa = PBXBuildFile; fileRef = F3AFFD702A903D86005D319A /* lojaComponent.swift */; };
		F3AFFD732A9042C7005D319A /* lojaModel.swift in Sources */ = {isa = PBXBuildFile; fileRef = F3AFFD722A9042C7005D319A /* lojaModel.swift */; };
		F3DD3A232A98139200A93164 /* ProdutoCard.swift in Sources */ = {isa = PBXBuildFile; fileRef = F3DD3A222A98139200A93164 /* ProdutoCard.swift */; };
		F3DD3A252A9813B400A93164 /* ProdutoModel.swift in Sources */ = {isa = PBXBuildFile; fileRef = F3DD3A242A9813B400A93164 /* ProdutoModel.swift */; };
		F3FB4AED2A981D0200AE54AC /* prestadorView.swift in Sources */ = {isa = PBXBuildFile; fileRef = F3FB4AEC2A981D0200AE54AC /* prestadorView.swift */; };
		F3FB4AEF2A981D4E00AE54AC /* Prestadores.swift in Sources */ = {isa = PBXBuildFile; fileRef = F3FB4AEE2A981D4E00AE54AC /* Prestadores.swift */; };
		F3FB4AF12A981D6C00AE54AC /* PerfilPrestador.swift in Sources */ = {isa = PBXBuildFile; fileRef = F3FB4AF02A981D6C00AE54AC /* PerfilPrestador.swift */; };
/* End PBXBuildFile section */

/* Begin PBXFileReference section */
		F30A92D72A956D6500C68A9B /* teste2View.swift */ = {isa = PBXFileReference; lastKnownFileType = sourcecode.swift; path = teste2View.swift; sourceTree = "<group>"; };
		F30A92DB2A956E1800C68A9B /* teste3View.swift */ = {isa = PBXFileReference; lastKnownFileType = sourcecode.swift; path = teste3View.swift; sourceTree = "<group>"; };
		F30A92DD2A95871F00C68A9B /* lojaData.swift */ = {isa = PBXFileReference; lastKnownFileType = sourcecode.swift; path = lojaData.swift; sourceTree = "<group>"; };
		F31B20002A941FE700FD671E /* lojaView.swift */ = {isa = PBXFileReference; lastKnownFileType = sourcecode.swift; path = lojaView.swift; sourceTree = "<group>"; };
		F31B20022A94203800FD671E /* lojaListaView.swift */ = {isa = PBXFileReference; lastKnownFileType = sourcecode.swift; path = lojaListaView.swift; sourceTree = "<group>"; };
		F31B20042A94209C00FD671E /* produtoComponnent.swift */ = {isa = PBXFileReference; lastKnownFileType = sourcecode.swift; path = produtoComponnent.swift; sourceTree = "<group>"; };
		F31B20082A94232300FD671E /* layoutHome.swift */ = {isa = PBXFileReference; lastKnownFileType = sourcecode.swift; path = layoutHome.swift; sourceTree = "<group>"; };
		F31B200A2A943F6300FD671E /* testView.swift */ = {isa = PBXFileReference; lastKnownFileType = sourcecode.swift; path = testView.swift; sourceTree = "<group>"; };
		F37B372A2A982DCC0010A59F /* pedidoDetailView.swift */ = {isa = PBXFileReference; lastKnownFileType = sourcecode.swift; path = pedidoDetailView.swift; sourceTree = "<group>"; };
		F37B372C2A9834980010A59F /* Resenhas.swift */ = {isa = PBXFileReference; lastKnownFileType = sourcecode.swift; path = Resenhas.swift; sourceTree = "<group>"; };
		F37B4C602A96CE4500C4387F /* pedidoComponent.swift */ = {isa = PBXFileReference; lastKnownFileType = sourcecode.swift; path = pedidoComponent.swift; sourceTree = "<group>"; };
		F37B4C622A96D42B00C4387F /* pedidosListaView.swift */ = {isa = PBXFileReference; lastKnownFileType = sourcecode.swift; path = pedidosListaView.swift; sourceTree = "<group>"; };
		F37B4C642A96E44A00C4387F /* RequestView.swift */ = {isa = PBXFileReference; lastKnownFileType = sourcecode.swift; path = RequestView.swift; sourceTree = "<group>"; };
		F3AFFD5F2A903CBB005D319A /* Help Construction.app */ = {isa = PBXFileReference; explicitFileType = wrapper.application; includeInIndex = 0; path = "Help Construction.app"; sourceTree = BUILT_PRODUCTS_DIR; };
		F3AFFD622A903CBB005D319A /* Help_ConstructionApp.swift */ = {isa = PBXFileReference; lastKnownFileType = sourcecode.swift; path = Help_ConstructionApp.swift; sourceTree = "<group>"; };
		F3AFFD642A903CBB005D319A /* ContentView.swift */ = {isa = PBXFileReference; lastKnownFileType = sourcecode.swift; path = ContentView.swift; sourceTree = "<group>"; };
		F3AFFD662A903CBC005D319A /* Assets.xcassets */ = {isa = PBXFileReference; lastKnownFileType = folder.assetcatalog; path = Assets.xcassets; sourceTree = "<group>"; };
		F3AFFD692A903CBC005D319A /* Preview Assets.xcassets */ = {isa = PBXFileReference; lastKnownFileType = folder.assetcatalog; path = "Preview Assets.xcassets"; sourceTree = "<group>"; };
		F3AFFD702A903D86005D319A /* lojaComponent.swift */ = {isa = PBXFileReference; lastKnownFileType = sourcecode.swift; path = lojaComponent.swift; sourceTree = "<group>"; };
		F3AFFD722A9042C7005D319A /* lojaModel.swift */ = {isa = PBXFileReference; lastKnownFileType = sourcecode.swift; path = lojaModel.swift; sourceTree = "<group>"; };
		F3DD3A222A98139200A93164 /* ProdutoCard.swift */ = {isa = PBXFileReference; lastKnownFileType = sourcecode.swift; path = ProdutoCard.swift; sourceTree = "<group>"; };
		F3DD3A242A9813B400A93164 /* ProdutoModel.swift */ = {isa = PBXFileReference; lastKnownFileType = sourcecode.swift; path = ProdutoModel.swift; sourceTree = "<group>"; };
		F3FB4AEC2A981D0200AE54AC /* prestadorView.swift */ = {isa = PBXFileReference; lastKnownFileType = sourcecode.swift; path = prestadorView.swift; sourceTree = "<group>"; };
		F3FB4AEE2A981D4E00AE54AC /* Prestadores.swift */ = {isa = PBXFileReference; lastKnownFileType = sourcecode.swift; path = Prestadores.swift; sourceTree = "<group>"; };
		F3FB4AF02A981D6C00AE54AC /* PerfilPrestador.swift */ = {isa = PBXFileReference; lastKnownFileType = sourcecode.swift; path = PerfilPrestador.swift; sourceTree = "<group>"; };
/* End PBXFileReference section */

/* Begin PBXFrameworksBuildPhase section */
		F3AFFD5C2A903CBB005D319A /* Frameworks */ = {
			isa = PBXFrameworksBuildPhase;
			buildActionMask = 2147483647;
			files = (
			);
			runOnlyForDeploymentPostprocessing = 0;
		};
/* End PBXFrameworksBuildPhase section */

/* Begin PBXGroup section */
		F3AFFD562A903CBB005D319A = {
			isa = PBXGroup;
			children = (
				F37B372C2A9834980010A59F /* Resenhas.swift */,
				F37B372A2A982DCC0010A59F /* pedidoDetailView.swift */,
				F3FB4AF02A981D6C00AE54AC /* PerfilPrestador.swift */,
				F3FB4AEE2A981D4E00AE54AC /* Prestadores.swift */,
				F3FB4AEC2A981D0200AE54AC /* prestadorView.swift */,
				F3DD3A242A9813B400A93164 /* ProdutoModel.swift */,
				F3DD3A222A98139200A93164 /* ProdutoCard.swift */,
				F37B4C642A96E44A00C4387F /* RequestView.swift */,
				F37B4C622A96D42B00C4387F /* pedidosListaView.swift */,
				F37B4C602A96CE4500C4387F /* pedidoComponent.swift */,
				F30A92DD2A95871F00C68A9B /* lojaData.swift */,
				F30A92DB2A956E1800C68A9B /* teste3View.swift */,
				F30A92D72A956D6500C68A9B /* teste2View.swift */,
				F31B200A2A943F6300FD671E /* testView.swift */,
				F31B20082A94232300FD671E /* layoutHome.swift */,
				F31B20042A94209C00FD671E /* produtoComponnent.swift */,
				F31B20022A94203800FD671E /* lojaListaView.swift */,
				F31B20002A941FE700FD671E /* lojaView.swift */,
				F3AFFD722A9042C7005D319A /* lojaModel.swift */,
				F3AFFD622A903CBB005D319A /* Help_ConstructionApp.swift */,
				F3AFFD642A903CBB005D319A /* ContentView.swift */,
				F3AFFD702A903D86005D319A /* lojaComponent.swift */,
				F3AFFD612A903CBB005D319A /* Help Construction */,
				F3AFFD602A903CBB005D319A /* Products */,
			);
			sourceTree = "<group>";
		};
		F3AFFD602A903CBB005D319A /* Products */ = {
			isa = PBXGroup;
			children = (
				F3AFFD5F2A903CBB005D319A /* Help Construction.app */,
			);
			name = Products;
			sourceTree = "<group>";
		};
		F3AFFD612A903CBB005D319A /* Help Construction */ = {
			isa = PBXGroup;
			children = (
				F3AFFD662A903CBC005D319A /* Assets.xcassets */,
				F3AFFD682A903CBC005D319A /* Preview Content */,
			);
			path = "Help Construction";
			sourceTree = "<group>";
		};
		F3AFFD682A903CBC005D319A /* Preview Content */ = {
			isa = PBXGroup;
			children = (
				F3AFFD692A903CBC005D319A /* Preview Assets.xcassets */,
			);
			path = "Preview Content";
			sourceTree = "<group>";
		};
/* End PBXGroup section */

/* Begin PBXNativeTarget section */
		F3AFFD5E2A903CBB005D319A /* Help Construction */ = {
			isa = PBXNativeTarget;
			buildConfigurationList = F3AFFD6D2A903CBC005D319A /* Build configuration list for PBXNativeTarget "Help Construction" */;
			buildPhases = (
				F3AFFD5B2A903CBB005D319A /* Sources */,
				F3AFFD5C2A903CBB005D319A /* Frameworks */,
				F3AFFD5D2A903CBB005D319A /* Resources */,
			);
			buildRules = (
			);
			dependencies = (
			);
			name = "Help Construction";
			productName = "Help Construction";
			productReference = F3AFFD5F2A903CBB005D319A /* Help Construction.app */;
			productType = "com.apple.product-type.application";
		};
/* End PBXNativeTarget section */

/* Begin PBXProject section */
		F3AFFD572A903CBB005D319A /* Project object */ = {
			isa = PBXProject;
			attributes = {
				BuildIndependentTargetsInParallel = 1;
				LastSwiftUpdateCheck = 1420;
				LastUpgradeCheck = 1420;
				TargetAttributes = {
					F3AFFD5E2A903CBB005D319A = {
						CreatedOnToolsVersion = 14.2;
					};
				};
			};
			buildConfigurationList = F3AFFD5A2A903CBB005D319A /* Build configuration list for PBXProject "Help Construction" */;
			compatibilityVersion = "Xcode 14.0";
			developmentRegion = en;
			hasScannedForEncodings = 0;
			knownRegions = (
				en,
				Base,
			);
			mainGroup = F3AFFD562A903CBB005D319A;
			productRefGroup = F3AFFD602A903CBB005D319A /* Products */;
			projectDirPath = "";
			projectRoot = "";
			targets = (
				F3AFFD5E2A903CBB005D319A /* Help Construction */,
			);
		};
/* End PBXProject section */

/* Begin PBXResourcesBuildPhase section */
		F3AFFD5D2A903CBB005D319A /* Resources */ = {
			isa = PBXResourcesBuildPhase;
			buildActionMask = 2147483647;
			files = (
				F3AFFD6A2A903CBC005D319A /* Preview Assets.xcassets in Resources */,
				F3AFFD672A903CBC005D319A /* Assets.xcassets in Resources */,
			);
			runOnlyForDeploymentPostprocessing = 0;
		};
/* End PBXResourcesBuildPhase section */

/* Begin PBXSourcesBuildPhase section */
		F3AFFD5B2A903CBB005D319A /* Sources */ = {
			isa = PBXSourcesBuildPhase;
			buildActionMask = 2147483647;
			files = (
				F37B372B2A982DCC0010A59F /* pedidoDetailView.swift in Sources */,
				F31B20032A94203800FD671E /* lojaListaView.swift in Sources */,
				F3FB4AED2A981D0200AE54AC /* prestadorView.swift in Sources */,
				F3FB4AF12A981D6C00AE54AC /* PerfilPrestador.swift in Sources */,
				F3AFFD652A903CBB005D319A /* ContentView.swift in Sources */,
				F30A92DC2A956E1800C68A9B /* teste3View.swift in Sources */,
				F3DD3A232A98139200A93164 /* ProdutoCard.swift in Sources */,
				F37B4C632A96D42B00C4387F /* pedidosListaView.swift in Sources */,
				F37B4C612A96CE4500C4387F /* pedidoComponent.swift in Sources */,
				F3FB4AEF2A981D4E00AE54AC /* Prestadores.swift in Sources */,
				F3DD3A252A9813B400A93164 /* ProdutoModel.swift in Sources */,
				F37B4C652A96E44A00C4387F /* RequestView.swift in Sources */,
				F31B20092A94232300FD671E /* layoutHome.swift in Sources */,
				F3AFFD732A9042C7005D319A /* lojaModel.swift in Sources */,
				F30A92DE2A95871F00C68A9B /* lojaData.swift in Sources */,
				F3AFFD712A903D86005D319A /* lojaComponent.swift in Sources */,
				F30A92D82A956D6500C68A9B /* teste2View.swift in Sources */,
				F31B200B2A943F6300FD671E /* testView.swift in Sources */,
				F37B372D2A9834980010A59F /* Resenhas.swift in Sources */,
				F31B20012A941FE700FD671E /* lojaView.swift in Sources */,
				F3AFFD632A903CBB005D319A /* Help_ConstructionApp.swift in Sources */,
				F31B20052A94209C00FD671E /* produtoComponnent.swift in Sources */,
			);
			runOnlyForDeploymentPostprocessing = 0;
		};
/* End PBXSourcesBuildPhase section */

/* Begin XCBuildConfiguration section */
		F3AFFD6B2A903CBC005D319A /* Debug */ = {
			isa = XCBuildConfiguration;
			buildSettings = {
				ALWAYS_SEARCH_USER_PATHS = NO;
				CLANG_ANALYZER_NONNULL = YES;
				CLANG_ANALYZER_NUMBER_OBJECT_CONVERSION = YES_AGGRESSIVE;
				CLANG_CXX_LANGUAGE_STANDARD = "gnu++20";
				CLANG_ENABLE_MODULES = YES;
				CLANG_ENABLE_OBJC_ARC = YES;
				CLANG_ENABLE_OBJC_WEAK = YES;
				CLANG_WARN_BLOCK_CAPTURE_AUTORELEASING = YES;
				CLANG_WARN_BOOL_CONVERSION = YES;
				CLANG_WARN_COMMA = YES;
				CLANG_WARN_CONSTANT_CONVERSION = YES;
				CLANG_WARN_DEPRECATED_OBJC_IMPLEMENTATIONS = YES;
				CLANG_WARN_DIRECT_OBJC_ISA_USAGE = YES_ERROR;
				CLANG_WARN_DOCUMENTATION_COMMENTS = YES;
				CLANG_WARN_EMPTY_BODY = YES;
				CLANG_WARN_ENUM_CONVERSION = YES;
				CLANG_WARN_INFINITE_RECURSION = YES;
				CLANG_WARN_INT_CONVERSION = YES;
				CLANG_WARN_NON_LITERAL_NULL_CONVERSION = YES;
				CLANG_WARN_OBJC_IMPLICIT_RETAIN_SELF = YES;
				CLANG_WARN_OBJC_LITERAL_CONVERSION = YES;
				CLANG_WARN_OBJC_ROOT_CLASS = YES_ERROR;
				CLANG_WARN_QUOTED_INCLUDE_IN_FRAMEWORK_HEADER = YES;
				CLANG_WARN_RANGE_LOOP_ANALYSIS = YES;
				CLANG_WARN_STRICT_PROTOTYPES = YES;
				CLANG_WARN_SUSPICIOUS_MOVE = YES;
				CLANG_WARN_UNGUARDED_AVAILABILITY = YES_AGGRESSIVE;
				CLANG_WARN_UNREACHABLE_CODE = YES;
				CLANG_WARN__DUPLICATE_METHOD_MATCH = YES;
				COPY_PHASE_STRIP = NO;
				DEBUG_INFORMATION_FORMAT = dwarf;
				ENABLE_STRICT_OBJC_MSGSEND = YES;
				ENABLE_TESTABILITY = YES;
				GCC_C_LANGUAGE_STANDARD = gnu11;
				GCC_DYNAMIC_NO_PIC = NO;
				GCC_NO_COMMON_BLOCKS = YES;
				GCC_OPTIMIZATION_LEVEL = 0;
				GCC_PREPROCESSOR_DEFINITIONS = (
					"DEBUG=1",
					"$(inherited)",
				);
				GCC_WARN_64_TO_32_BIT_CONVERSION = YES;
				GCC_WARN_ABOUT_RETURN_TYPE = YES_ERROR;
				GCC_WARN_UNDECLARED_SELECTOR = YES;
				GCC_WARN_UNINITIALIZED_AUTOS = YES_AGGRESSIVE;
				GCC_WARN_UNUSED_FUNCTION = YES;
				GCC_WARN_UNUSED_VARIABLE = YES;
				IPHONEOS_DEPLOYMENT_TARGET = 16.2;
				MTL_ENABLE_DEBUG_INFO = INCLUDE_SOURCE;
				MTL_FAST_MATH = YES;
				ONLY_ACTIVE_ARCH = YES;
				SDKROOT = iphoneos;
				SWIFT_ACTIVE_COMPILATION_CONDITIONS = DEBUG;
				SWIFT_OPTIMIZATION_LEVEL = "-Onone";
			};
			name = Debug;
		};
		F3AFFD6C2A903CBC005D319A /* Release */ = {
			isa = XCBuildConfiguration;
			buildSettings = {
				ALWAYS_SEARCH_USER_PATHS = NO;
				CLANG_ANALYZER_NONNULL = YES;
				CLANG_ANALYZER_NUMBER_OBJECT_CONVERSION = YES_AGGRESSIVE;
				CLANG_CXX_LANGUAGE_STANDARD = "gnu++20";
				CLANG_ENABLE_MODULES = YES;
				CLANG_ENABLE_OBJC_ARC = YES;
				CLANG_ENABLE_OBJC_WEAK = YES;
				CLANG_WARN_BLOCK_CAPTURE_AUTORELEASING = YES;
				CLANG_WARN_BOOL_CONVERSION = YES;
				CLANG_WARN_COMMA = YES;
				CLANG_WARN_CONSTANT_CONVERSION = YES;
				CLANG_WARN_DEPRECATED_OBJC_IMPLEMENTATIONS = YES;
				CLANG_WARN_DIRECT_OBJC_ISA_USAGE = YES_ERROR;
				CLANG_WARN_DOCUMENTATION_COMMENTS = YES;
				CLANG_WARN_EMPTY_BODY = YES;
				CLANG_WARN_ENUM_CONVERSION = YES;
				CLANG_WARN_INFINITE_RECURSION = YES;
				CLANG_WARN_INT_CONVERSION = YES;
				CLANG_WARN_NON_LITERAL_NULL_CONVERSION = YES;
				CLANG_WARN_OBJC_IMPLICIT_RETAIN_SELF = YES;
				CLANG_WARN_OBJC_LITERAL_CONVERSION = YES;
				CLANG_WARN_OBJC_ROOT_CLASS = YES_ERROR;
				CLANG_WARN_QUOTED_INCLUDE_IN_FRAMEWORK_HEADER = YES;
				CLANG_WARN_RANGE_LOOP_ANALYSIS = YES;
				CLANG_WARN_STRICT_PROTOTYPES = YES;
				CLANG_WARN_SUSPICIOUS_MOVE = YES;
				CLANG_WARN_UNGUARDED_AVAILABILITY = YES_AGGRESSIVE;
				CLANG_WARN_UNREACHABLE_CODE = YES;
				CLANG_WARN__DUPLICATE_METHOD_MATCH = YES;
				COPY_PHASE_STRIP = NO;
				DEBUG_INFORMATION_FORMAT = "dwarf-with-dsym";
				ENABLE_NS_ASSERTIONS = NO;
				ENABLE_STRICT_OBJC_MSGSEND = YES;
				GCC_C_LANGUAGE_STANDARD = gnu11;
				GCC_NO_COMMON_BLOCKS = YES;
				GCC_WARN_64_TO_32_BIT_CONVERSION = YES;
				GCC_WARN_ABOUT_RETURN_TYPE = YES_ERROR;
				GCC_WARN_UNDECLARED_SELECTOR = YES;
				GCC_WARN_UNINITIALIZED_AUTOS = YES_AGGRESSIVE;
				GCC_WARN_UNUSED_FUNCTION = YES;
				GCC_WARN_UNUSED_VARIABLE = YES;
				IPHONEOS_DEPLOYMENT_TARGET = 16.2;
				MTL_ENABLE_DEBUG_INFO = NO;
				MTL_FAST_MATH = YES;
				SDKROOT = iphoneos;
				SWIFT_COMPILATION_MODE = wholemodule;
				SWIFT_OPTIMIZATION_LEVEL = "-O";
				VALIDATE_PRODUCT = YES;
			};
			name = Release;
		};
		F3AFFD6E2A903CBC005D319A /* Debug */ = {
			isa = XCBuildConfiguration;
			buildSettings = {
				ASSETCATALOG_COMPILER_APPICON_NAME = AppIcon;
				ASSETCATALOG_COMPILER_GLOBAL_ACCENT_COLOR_NAME = AccentColor;
				CODE_SIGN_STYLE = Automatic;
				CURRENT_PROJECT_VERSION = 1;
				DEVELOPMENT_ASSET_PATHS = "\"Help Construction/Preview Content\"";
				DEVELOPMENT_TEAM = 2RSCQZJ6LC;
				ENABLE_PREVIEWS = YES;
				GENERATE_INFOPLIST_FILE = YES;
				INFOPLIST_KEY_UIApplicationSceneManifest_Generation = YES;
				INFOPLIST_KEY_UIApplicationSupportsIndirectInputEvents = YES;
				INFOPLIST_KEY_UILaunchScreen_Generation = YES;
				INFOPLIST_KEY_UISupportedInterfaceOrientations_iPad = "UIInterfaceOrientationPortrait UIInterfaceOrientationPortraitUpsideDown UIInterfaceOrientationLandscapeLeft UIInterfaceOrientationLandscapeRight";
				INFOPLIST_KEY_UISupportedInterfaceOrientations_iPhone = "UIInterfaceOrientationPortrait UIInterfaceOrientationLandscapeLeft UIInterfaceOrientationLandscapeRight";
				LD_RUNPATH_SEARCH_PATHS = (
					"$(inherited)",
					"@executable_path/Frameworks",
				);
				MARKETING_VERSION = 1.0;
				PRODUCT_BUNDLE_IDENTIFIER = "felipe-B.Help-Construction";
				PRODUCT_NAME = "$(TARGET_NAME)";
				SWIFT_EMIT_LOC_STRINGS = YES;
				SWIFT_VERSION = 5.0;
				TARGETED_DEVICE_FAMILY = "1,2";
			};
			name = Debug;
		};
		F3AFFD6F2A903CBC005D319A /* Release */ = {
			isa = XCBuildConfiguration;
			buildSettings = {
				ASSETCATALOG_COMPILER_APPICON_NAME = AppIcon;
				ASSETCATALOG_COMPILER_GLOBAL_ACCENT_COLOR_NAME = AccentColor;
				CODE_SIGN_STYLE = Automatic;
				CURRENT_PROJECT_VERSION = 1;
				DEVELOPMENT_ASSET_PATHS = "\"Help Construction/Preview Content\"";
				DEVELOPMENT_TEAM = 2RSCQZJ6LC;
				ENABLE_PREVIEWS = YES;
				GENERATE_INFOPLIST_FILE = YES;
				INFOPLIST_KEY_UIApplicationSceneManifest_Generation = YES;
				INFOPLIST_KEY_UIApplicationSupportsIndirectInputEvents = YES;
				INFOPLIST_KEY_UILaunchScreen_Generation = YES;
				INFOPLIST_KEY_UISupportedInterfaceOrientations_iPad = "UIInterfaceOrientationPortrait UIInterfaceOrientationPortraitUpsideDown UIInterfaceOrientationLandscapeLeft UIInterfaceOrientationLandscapeRight";
				INFOPLIST_KEY_UISupportedInterfaceOrientations_iPhone = "UIInterfaceOrientationPortrait UIInterfaceOrientationLandscapeLeft UIInterfaceOrientationLandscapeRight";
				LD_RUNPATH_SEARCH_PATHS = (
					"$(inherited)",
					"@executable_path/Frameworks",
				);
				MARKETING_VERSION = 1.0;
				PRODUCT_BUNDLE_IDENTIFIER = "felipe-B.Help-Construction";
				PRODUCT_NAME = "$(TARGET_NAME)";
				SWIFT_EMIT_LOC_STRINGS = YES;
				SWIFT_VERSION = 5.0;
				TARGETED_DEVICE_FAMILY = "1,2";
			};
			name = Release;
		};
/* End XCBuildConfiguration section */

/* Begin XCConfigurationList section */
		F3AFFD5A2A903CBB005D319A /* Build configuration list for PBXProject "Help Construction" */ = {
			isa = XCConfigurationList;
			buildConfigurations = (
				F3AFFD6B2A903CBC005D319A /* Debug */,
				F3AFFD6C2A903CBC005D319A /* Release */,
			);
			defaultConfigurationIsVisible = 0;
			defaultConfigurationName = Release;
		};
		F3AFFD6D2A903CBC005D319A /* Build configuration list for PBXNativeTarget "Help Construction" */ = {
			isa = XCConfigurationList;
			buildConfigurations = (
				F3AFFD6E2A903CBC005D319A /* Debug */,
				F3AFFD6F2A903CBC005D319A /* Release */,
			);
			defaultConfigurationIsVisible = 0;
			defaultConfigurationName = Release;
		};
/* End XCConfigurationList section */
	};
	rootObject = F3AFFD572A903CBB005D319A /* Project object */;
}
